
Microsoft Visual Studio Solution File, Format Version 12.00
# Visual Studio Version 17
VisualStudioVersion = 17.5.33516.290
MinimumVisualStudioVersion = 10.0.40219.1
Project("{FAE04EC0-301F-11D3-BF4B-00C04F79EFBC}") = "crud1", "crud1\crud1.csproj", "{7F5BB96A-2F6D-4813-AB01-276B1A53AAC1}"
EndProject
Project("{FAE04EC0-301F-11D3-BF4B-00C04F79EFBC}") = "NIMAPPROJECT", "NIMAPPROJECT\NIMAPPROJECT.csproj", "{9E01689A-91C4-46BC-A954-D258D4536F40}"
EndProject
Global
	GlobalSection(SolutionConfigurationPlatforms) = preSolution
		Debug|Any CPU = Debug|Any CPU
		Release|Any CPU = Release|Any CPU
	EndGlobalSection
	GlobalSection(ProjectConfigurationPlatforms) = postSolution
		{7F5BB96A-2F6D-4813-AB01-276B1A53AAC1}.Debug|Any CPU.ActiveCfg = Debug|Any CPU
		{7F5BB96A-2F6D-4813-AB01-276B1A53AAC1}.Debug|Any CPU.Build.0 = Debug|Any CPU
		{7F5BB96A-2F6D-4813-AB01-276B1A53AAC1}.Release|Any CPU.ActiveCfg = Release|Any CPU
		{7F5BB96A-2F6D-4813-AB01-276B1A53AAC1}.Release|Any CPU.Build.0 = Release|Any CPU
		{9E01689A-91C4-46BC-A954-D258D4536F40}.Debug|Any CPU.ActiveCfg = Debug|Any CPU
		{9E01689A-91C4-46BC-A954-D258D4536F40}.Debug|Any CPU.Build.0 = Debug|Any CPU
		{9E01689A-91C4-46BC-A954-D258D4536F40}.Release|Any CPU.ActiveCfg = Release|Any CPU
		{9E01689A-91C4-46BC-A954-D258D4536F40}.Release|Any CPU.Build.0 = Release|Any CPU
	EndGlobalSection
	GlobalSection(SolutionProperties) = preSolution
		HideSolutionNode = FALSE
	EndGlobalSection
	GlobalSection(ExtensibilityGlobals) = postSolution
		SolutionGuid = {FB498CCD-D2D5-480A-82F5-1C185A4CBAC4}
	EndGlobalSection
EndGlobal
